
Microsoft Visual Studio Solution File, Format Version 12.00
# Visual Studio 15
VisualStudioVersion = 15.0.28307.329
MinimumVisualStudioVersion = 10.0.40219.1
Project("{FAE04EC0-301F-11D3-BF4B-00C04F79EFBC}") = "ITIndeed.MVC.UI", "ITIndeed.MVC.UI\ITIndeed.MVC.UI.csproj", "{9020E141-F39E-42E1-A8CB-54D49C0D6D9A}"
EndProject
Project("{00D1A9C2-B5F0-4AF3-8072-F6C62B433612}") = "ITIndeed.DB", "ITIndeed.DB\ITIndeed.DB.sqlproj", "{6B6D21FC-FE9B-4EAE-BB2F-D556F131EB49}"
EndProject
Project("{FAE04EC0-301F-11D3-BF4B-00C04F79EFBC}") = "ITIndeed.BL", "ITIndeed.BL\ITIndeed.BL.csproj", "{631CF3DE-AA94-42AD-B3CF-26D75D29CA61}"
EndProject
Project("{FAE04EC0-301F-11D3-BF4B-00C04F79EFBC}") = "ITIndeed.PL", "ITIndeed.PL\ITIndeed.PL.csproj", "{262E3BDD-8A8A-4986-8274-281BA8C5435E}"
EndProject
Project("{FAE04EC0-301F-11D3-BF4B-00C04F79EFBC}") = "ITIndeed.BL.Test", "ITIndeed.BL.Test\ITIndeed.BL.Test.csproj", "{8E221B58-EAAC-45D3-BA0A-92C9E7D0097B}"
EndProject
Project("{2150E333-8FDC-42A3-9474-1A3956D46DE8}") = "Scripts", "Scripts", "{A2193E9C-0C73-44B8-9CE6-AA71AEB51A52}"
	ProjectSection(SolutionItems) = preProject
		DatabasePublishScript.txt = DatabasePublishScript.txt
	EndProjectSection
EndProject
Global
	GlobalSection(SolutionConfigurationPlatforms) = preSolution
		Debug|Any CPU = Debug|Any CPU
		Release|Any CPU = Release|Any CPU
	EndGlobalSection
	GlobalSection(ProjectConfigurationPlatforms) = postSolution
		{9020E141-F39E-42E1-A8CB-54D49C0D6D9A}.Debug|Any CPU.ActiveCfg = Debug|Any CPU
		{9020E141-F39E-42E1-A8CB-54D49C0D6D9A}.Debug|Any CPU.Build.0 = Debug|Any CPU
		{9020E141-F39E-42E1-A8CB-54D49C0D6D9A}.Release|Any CPU.ActiveCfg = Release|Any CPU
		{9020E141-F39E-42E1-A8CB-54D49C0D6D9A}.Release|Any CPU.Build.0 = Release|Any CPU
		{6B6D21FC-FE9B-4EAE-BB2F-D556F131EB49}.Debug|Any CPU.ActiveCfg = Debug|Any CPU
		{6B6D21FC-FE9B-4EAE-BB2F-D556F131EB49}.Debug|Any CPU.Build.0 = Debug|Any CPU
		{6B6D21FC-FE9B-4EAE-BB2F-D556F131EB49}.Release|Any CPU.ActiveCfg = Release|Any CPU
		{6B6D21FC-FE9B-4EAE-BB2F-D556F131EB49}.Release|Any CPU.Build.0 = Release|Any CPU
		{6B6D21FC-FE9B-4EAE-BB2F-D556F131EB49}.Release|Any CPU.Deploy.0 = Release|Any CPU
		{631CF3DE-AA94-42AD-B3CF-26D75D29CA61}.Debug|Any CPU.ActiveCfg = Debug|Any CPU
		{631CF3DE-AA94-42AD-B3CF-26D75D29CA61}.Debug|Any CPU.Build.0 = Debug|Any CPU
		{631CF3DE-AA94-42AD-B3CF-26D75D29CA61}.Release|Any CPU.ActiveCfg = Release|Any CPU
		{631CF3DE-AA94-42AD-B3CF-26D75D29CA61}.Release|Any CPU.Build.0 = Release|Any CPU
		{262E3BDD-8A8A-4986-8274-281BA8C5435E}.Debug|Any CPU.ActiveCfg = Debug|Any CPU
		{262E3BDD-8A8A-4986-8274-281BA8C5435E}.Debug|Any CPU.Build.0 = Debug|Any CPU
		{262E3BDD-8A8A-4986-8274-281BA8C5435E}.Release|Any CPU.ActiveCfg = Release|Any CPU
		{262E3BDD-8A8A-4986-8274-281BA8C5435E}.Release|Any CPU.Build.0 = Release|Any CPU
		{8E221B58-EAAC-45D3-BA0A-92C9E7D0097B}.Debug|Any CPU.ActiveCfg = Debug|Any CPU
		{8E221B58-EAAC-45D3-BA0A-92C9E7D0097B}.Debug|Any CPU.Build.0 = Debug|Any CPU
		{8E221B58-EAAC-45D3-BA0A-92C9E7D0097B}.Release|Any CPU.ActiveCfg = Release|Any CPU
		{8E221B58-EAAC-45D3-BA0A-92C9E7D0097B}.Release|Any CPU.Build.0 = Release|Any CPU
	EndGlobalSection
	GlobalSection(SolutionProperties) = preSolution
		HideSolutionNode = FALSE
	EndGlobalSection
	GlobalSection(ExtensibilityGlobals) = postSolution
		SolutionGuid = {FB93733E-2947-4D55-A70F-809F608130A9}
	EndGlobalSection
EndGlobal
